
Microsoft Visual Studio Solution File, Format Version 12.00
# Visual Studio 2013
VisualStudioVersion = 12.0.21005.1
MinimumVisualStudioVersion = 10.0.40219.1
Project("{FAE04EC0-301F-11D3-BF4B-00C04F79EFBC}") = "Datos", "Datos\Datos.csproj", "{2061D1BA-56EE-4AC4-B182-04171F050617}"
EndProject
Project("{FAE04EC0-301F-11D3-BF4B-00C04F79EFBC}") = "Logica", "Logica\Logica.csproj", "{A7A96567-1365-4243-9FAF-CE457C4765A3}"
EndProject
Project("{FAE04EC0-301F-11D3-BF4B-00C04F79EFBC}") = "Entidades", "Entidades\Entidades.csproj", "{EF9E77A3-D4EF-4048-896F-940299B3D8DE}"
EndProject
Project("{FAE04EC0-301F-11D3-BF4B-00C04F79EFBC}") = "Presentacion", "Login\Presentacion.csproj", "{667C826B-4DF2-4AF2-8242-579C682B962A}"
EndProject
Global
	GlobalSection(SolutionConfigurationPlatforms) = preSolution
		CD_ROM|Any CPU = CD_ROM|Any CPU
		Debug|Any CPU = Debug|Any CPU
		DVD-5|Any CPU = DVD-5|Any CPU
		Release|Any CPU = Release|Any CPU
		SingleImage|Any CPU = SingleImage|Any CPU
	EndGlobalSection
	GlobalSection(ProjectConfigurationPlatforms) = postSolution
		{2061D1BA-56EE-4AC4-B182-04171F050617}.CD_ROM|Any CPU.ActiveCfg = Release|Any CPU
		{2061D1BA-56EE-4AC4-B182-04171F050617}.CD_ROM|Any CPU.Build.0 = Release|Any CPU
		{2061D1BA-56EE-4AC4-B182-04171F050617}.Debug|Any CPU.ActiveCfg = Debug|Any CPU
		{2061D1BA-56EE-4AC4-B182-04171F050617}.Debug|Any CPU.Build.0 = Debug|Any CPU
		{2061D1BA-56EE-4AC4-B182-04171F050617}.DVD-5|Any CPU.ActiveCfg = Debug|Any CPU
		{2061D1BA-56EE-4AC4-B182-04171F050617}.DVD-5|Any CPU.Build.0 = Debug|Any CPU
		{2061D1BA-56EE-4AC4-B182-04171F050617}.Release|Any CPU.ActiveCfg = Release|Any CPU
		{2061D1BA-56EE-4AC4-B182-04171F050617}.Release|Any CPU.Build.0 = Release|Any CPU
		{2061D1BA-56EE-4AC4-B182-04171F050617}.SingleImage|Any CPU.ActiveCfg = Release|Any CPU
		{2061D1BA-56EE-4AC4-B182-04171F050617}.SingleImage|Any CPU.Build.0 = Release|Any CPU
		{A7A96567-1365-4243-9FAF-CE457C4765A3}.CD_ROM|Any CPU.ActiveCfg = Release|Any CPU
		{A7A96567-1365-4243-9FAF-CE457C4765A3}.CD_ROM|Any CPU.Build.0 = Release|Any CPU
		{A7A96567-1365-4243-9FAF-CE457C4765A3}.Debug|Any CPU.ActiveCfg = Debug|Any CPU
		{A7A96567-1365-4243-9FAF-CE457C4765A3}.Debug|Any CPU.Build.0 = Debug|Any CPU
		{A7A96567-1365-4243-9FAF-CE457C4765A3}.DVD-5|Any CPU.ActiveCfg = Debug|Any CPU
		{A7A96567-1365-4243-9FAF-CE457C4765A3}.DVD-5|Any CPU.Build.0 = Debug|Any CPU
		{A7A96567-1365-4243-9FAF-CE457C4765A3}.Release|Any CPU.ActiveCfg = Release|Any CPU
		{A7A96567-1365-4243-9FAF-CE457C4765A3}.Release|Any CPU.Build.0 = Release|Any CPU
		{A7A96567-1365-4243-9FAF-CE457C4765A3}.SingleImage|Any CPU.ActiveCfg = Release|Any CPU
		{A7A96567-1365-4243-9FAF-CE457C4765A3}.SingleImage|Any CPU.Build.0 = Release|Any CPU
		{EF9E77A3-D4EF-4048-896F-940299B3D8DE}.CD_ROM|Any CPU.ActiveCfg = Release|Any CPU
		{EF9E77A3-D4EF-4048-896F-940299B3D8DE}.CD_ROM|Any CPU.Build.0 = Release|Any CPU
		{EF9E77A3-D4EF-4048-896F-940299B3D8DE}.Debug|Any CPU.ActiveCfg = Debug|Any CPU
		{EF9E77A3-D4EF-4048-896F-940299B3D8DE}.Debug|Any CPU.Build.0 = Debug|Any CPU
		{EF9E77A3-D4EF-4048-896F-940299B3D8DE}.DVD-5|Any CPU.ActiveCfg = Debug|Any CPU
		{EF9E77A3-D4EF-4048-896F-940299B3D8DE}.DVD-5|Any CPU.Build.0 = Debug|Any CPU
		{EF9E77A3-D4EF-4048-896F-940299B3D8DE}.Release|Any CPU.ActiveCfg = Release|Any CPU
		{EF9E77A3-D4EF-4048-896F-940299B3D8DE}.Release|Any CPU.Build.0 = Release|Any CPU
		{EF9E77A3-D4EF-4048-896F-940299B3D8DE}.SingleImage|Any CPU.ActiveCfg = Release|Any CPU
		{EF9E77A3-D4EF-4048-896F-940299B3D8DE}.SingleImage|Any CPU.Build.0 = Release|Any CPU
		{667C826B-4DF2-4AF2-8242-579C682B962A}.CD_ROM|Any CPU.ActiveCfg = Release|Any CPU
		{667C826B-4DF2-4AF2-8242-579C682B962A}.CD_ROM|Any CPU.Build.0 = Release|Any CPU
		{667C826B-4DF2-4AF2-8242-579C682B962A}.Debug|Any CPU.ActiveCfg = Debug|Any CPU
		{667C826B-4DF2-4AF2-8242-579C682B962A}.Debug|Any CPU.Build.0 = Debug|Any CPU
		{667C826B-4DF2-4AF2-8242-579C682B962A}.DVD-5|Any CPU.ActiveCfg = Debug|Any CPU
		{667C826B-4DF2-4AF2-8242-579C682B962A}.DVD-5|Any CPU.Build.0 = Debug|Any CPU
		{667C826B-4DF2-4AF2-8242-579C682B962A}.Release|Any CPU.ActiveCfg = Release|Any CPU
		{667C826B-4DF2-4AF2-8242-579C682B962A}.Release|Any CPU.Build.0 = Release|Any CPU
		{667C826B-4DF2-4AF2-8242-579C682B962A}.SingleImage|Any CPU.ActiveCfg = Release|Any CPU
		{667C826B-4DF2-4AF2-8242-579C682B962A}.SingleImage|Any CPU.Build.0 = Release|Any CPU
	EndGlobalSection
	GlobalSection(SolutionProperties) = preSolution
		HideSolutionNode = FALSE
	EndGlobalSection
EndGlobal
